
Microsoft Visual Studio Solution File, Format Version 12.00
# Visual Studio Version 16
VisualStudioVersion = 16.0.29209.62
MinimumVisualStudioVersion = 10.0.40219.1
Project("{FAE04EC0-301F-11D3-BF4B-00C04F79EFBC}") = "ConsoleApp1les0", "ConsoleApp1les0.csproj", "{EC3D6BAB-2149-483D-86E8-C02B47C280F6}"
EndProject
Global
	GlobalSection(SolutionConfigurationPlatforms) = preSolution
		Debug|Any CPU = Debug|Any CPU
		Release|Any CPU = Release|Any CPU
	EndGlobalSection
	GlobalSection(ProjectConfigurationPlatforms) = postSolution
		{EC3D6BAB-2149-483D-86E8-C02B47C280F6}.Debug|Any CPU.ActiveCfg = Debug|Any CPU
		{EC3D6BAB-2149-483D-86E8-C02B47C280F6}.Debug|Any CPU.Build.0 = Debug|Any CPU
		{EC3D6BAB-2149-483D-86E8-C02B47C280F6}.Release|Any CPU.ActiveCfg = Release|Any CPU
		{EC3D6BAB-2149-483D-86E8-C02B47C280F6}.Release|Any CPU.Build.0 = Release|Any CPU
	EndGlobalSection
	GlobalSection(SolutionProperties) = preSolution
		HideSolutionNode = FALSE
	EndGlobalSection
	GlobalSection(ExtensibilityGlobals) = postSolution
		SolutionGuid = {C3EB0E45-4BF5-44FA-AE84-A9F5A408FA73}
	EndGlobalSection
EndGlobal
